// !$*UTF8*$!
{
	archiveVersion = 1;
	classes = {
	};
	objectVersion = 55;
	objects = {

/* Begin PBXBuildFile section */
		8422504727992C5900F528E1 /* ColorFactory.swift in Sources */ = {isa = PBXBuildFile; fileRef = 8422504627992C5900F528E1 /* ColorFactory.swift */; };
		84225049279935E700F528E1 /* AppStyle.swift in Sources */ = {isa = PBXBuildFile; fileRef = 84225048279935E700F528E1 /* AppStyle.swift */; };
		8422504B2799463A00F528E1 /* StringConstants.swift in Sources */ = {isa = PBXBuildFile; fileRef = 8422504A2799463A00F528E1 /* StringConstants.swift */; };
		8422504D279946ED00F528E1 /* String+Extensions.swift in Sources */ = {isa = PBXBuildFile; fileRef = 8422504C279946ED00F528E1 /* String+Extensions.swift */; };
		842250502799490D00F528E1 /* Localizable.strings in Resources */ = {isa = PBXBuildFile; fileRef = 842250522799490D00F528E1 /* Localizable.strings */; };
		842250542799540800F528E1 /* BaseVC.swift in Sources */ = {isa = PBXBuildFile; fileRef = 842250532799540800F528E1 /* BaseVC.swift */; };
		842250562799587700F528E1 /* UIImage+Extension.swift in Sources */ = {isa = PBXBuildFile; fileRef = 842250552799587700F528E1 /* UIImage+Extension.swift */; };
		842250582799590A00F528E1 /* ImageAssets.swift in Sources */ = {isa = PBXBuildFile; fileRef = 842250572799590A00F528E1 /* ImageAssets.swift */; };
		8451F69127ECA6F800F6D2F7 /* OTPFieldsView.swift in Sources */ = {isa = PBXBuildFile; fileRef = 8451F69027ECA6F800F6D2F7 /* OTPFieldsView.swift */; };
		8451F69327ECA79200F6D2F7 /* OTPTextfield.swift in Sources */ = {isa = PBXBuildFile; fileRef = 8451F69227ECA79200F6D2F7 /* OTPTextfield.swift */; };
		8451F69527ECA84E00F6D2F7 /* OTPStyle.swift in Sources */ = {isa = PBXBuildFile; fileRef = 8451F69427ECA84E00F6D2F7 /* OTPStyle.swift */; };
		84AD9AD327D8ECF500635774 /* CollectionVC.swift in Sources */ = {isa = PBXBuildFile; fileRef = 84AD9AD227D8ECF500635774 /* CollectionVC.swift */; };
		84AD9AD527D8FB4600635774 /* ImageViewFactory.swift in Sources */ = {isa = PBXBuildFile; fileRef = 84AD9AD427D8FB4600635774 /* ImageViewFactory.swift */; };
		84F626EE2791ADCC000337A5 /* AppDelegate.swift in Sources */ = {isa = PBXBuildFile; fileRef = 84F626ED2791ADCC000337A5 /* AppDelegate.swift */; };
		84F626F02791ADCC000337A5 /* SceneDelegate.swift in Sources */ = {isa = PBXBuildFile; fileRef = 84F626EF2791ADCC000337A5 /* SceneDelegate.swift */; };
		84F626F22791ADCC000337A5 /* ViewController.swift in Sources */ = {isa = PBXBuildFile; fileRef = 84F626F12791ADCC000337A5 /* ViewController.swift */; };
		84F626F72791ADCC000337A5 /* Assets.xcassets in Resources */ = {isa = PBXBuildFile; fileRef = 84F626F62791ADCC000337A5 /* Assets.xcassets */; };
		84F626FA2791ADCC000337A5 /* LaunchScreen.storyboard in Resources */ = {isa = PBXBuildFile; fileRef = 84F626F82791ADCC000337A5 /* LaunchScreen.storyboard */; };
		84F627032791B024000337A5 /* LayoutAttributes.swift in Sources */ = {isa = PBXBuildFile; fileRef = 84F627022791B024000337A5 /* LayoutAttributes.swift */; };
		84F627052791B043000337A5 /* Layouts.swift in Sources */ = {isa = PBXBuildFile; fileRef = 84F627042791B043000337A5 /* Layouts.swift */; };
		84F627082791B5A1000337A5 /* UIStackView+Extension.swift in Sources */ = {isa = PBXBuildFile; fileRef = 84F627072791B5A1000337A5 /* UIStackView+Extension.swift */; };
		84F6270B2791B65D000337A5 /* UIView+Extension.swift in Sources */ = {isa = PBXBuildFile; fileRef = 84F6270A2791B65D000337A5 /* UIView+Extension.swift */; };
		84F6270E2791C520000337A5 /* LabelFactory.swift in Sources */ = {isa = PBXBuildFile; fileRef = 84F6270D2791C520000337A5 /* LabelFactory.swift */; };
		84F627102791C890000337A5 /* ButtonFactory.swift in Sources */ = {isa = PBXBuildFile; fileRef = 84F6270F2791C890000337A5 /* ButtonFactory.swift */; };
/* End PBXBuildFile section */

/* Begin PBXFileReference section */
		8422504627992C5900F528E1 /* ColorFactory.swift */ = {isa = PBXFileReference; lastKnownFileType = sourcecode.swift; path = ColorFactory.swift; sourceTree = "<group>"; };
		84225048279935E700F528E1 /* AppStyle.swift */ = {isa = PBXFileReference; lastKnownFileType = sourcecode.swift; path = AppStyle.swift; sourceTree = "<group>"; };
		8422504A2799463A00F528E1 /* StringConstants.swift */ = {isa = PBXFileReference; lastKnownFileType = sourcecode.swift; path = StringConstants.swift; sourceTree = "<group>"; };
		8422504C279946ED00F528E1 /* String+Extensions.swift */ = {isa = PBXFileReference; fileEncoding = 4; lastKnownFileType = sourcecode.swift; path = "String+Extensions.swift"; sourceTree = "<group>"; };
		842250512799490D00F528E1 /* en */ = {isa = PBXFileReference; lastKnownFileType = text.plist.strings; name = en; path = en.lproj/Localizable.strings; sourceTree = "<group>"; };
		842250532799540800F528E1 /* BaseVC.swift */ = {isa = PBXFileReference; lastKnownFileType = sourcecode.swift; path = BaseVC.swift; sourceTree = "<group>"; };
		842250552799587700F528E1 /* UIImage+Extension.swift */ = {isa = PBXFileReference; lastKnownFileType = sourcecode.swift; path = "UIImage+Extension.swift"; sourceTree = "<group>"; };
		842250572799590A00F528E1 /* ImageAssets.swift */ = {isa = PBXFileReference; lastKnownFileType = sourcecode.swift; path = ImageAssets.swift; sourceTree = "<group>"; };
		8451F69027ECA6F800F6D2F7 /* OTPFieldsView.swift */ = {isa = PBXFileReference; lastKnownFileType = sourcecode.swift; path = OTPFieldsView.swift; sourceTree = "<group>"; };
		8451F69227ECA79200F6D2F7 /* OTPTextfield.swift */ = {isa = PBXFileReference; lastKnownFileType = sourcecode.swift; path = OTPTextfield.swift; sourceTree = "<group>"; };
		8451F69427ECA84E00F6D2F7 /* OTPStyle.swift */ = {isa = PBXFileReference; lastKnownFileType = sourcecode.swift; path = OTPStyle.swift; sourceTree = "<group>"; };
		84AD9AD227D8ECF500635774 /* CollectionVC.swift */ = {isa = PBXFileReference; lastKnownFileType = sourcecode.swift; path = CollectionVC.swift; sourceTree = "<group>"; };
		84AD9AD427D8FB4600635774 /* ImageViewFactory.swift */ = {isa = PBXFileReference; lastKnownFileType = sourcecode.swift; path = ImageViewFactory.swift; sourceTree = "<group>"; };
		84F626EA2791ADCC000337A5 /* ProgramaticView.app */ = {isa = PBXFileReference; explicitFileType = wrapper.application; includeInIndex = 0; path = ProgramaticView.app; sourceTree = BUILT_PRODUCTS_DIR; };
		84F626ED2791ADCC000337A5 /* AppDelegate.swift */ = {isa = PBXFileReference; lastKnownFileType = sourcecode.swift; path = AppDelegate.swift; sourceTree = "<group>"; };
		84F626EF2791ADCC000337A5 /* SceneDelegate.swift */ = {isa = PBXFileReference; lastKnownFileType = sourcecode.swift; path = SceneDelegate.swift; sourceTree = "<group>"; };
		84F626F12791ADCC000337A5 /* ViewController.swift */ = {isa = PBXFileReference; lastKnownFileType = sourcecode.swift; path = ViewController.swift; sourceTree = "<group>"; };
		84F626F62791ADCC000337A5 /* Assets.xcassets */ = {isa = PBXFileReference; lastKnownFileType = folder.assetcatalog; path = Assets.xcassets; sourceTree = "<group>"; };
		84F626F92791ADCC000337A5 /* Base */ = {isa = PBXFileReference; lastKnownFileType = file.storyboard; name = Base; path = Base.lproj/LaunchScreen.storyboard; sourceTree = "<group>"; };
		84F626FB2791ADCC000337A5 /* Info.plist */ = {isa = PBXFileReference; lastKnownFileType = text.plist.xml; path = Info.plist; sourceTree = "<group>"; };
		84F627022791B024000337A5 /* LayoutAttributes.swift */ = {isa = PBXFileReference; lastKnownFileType = sourcecode.swift; path = LayoutAttributes.swift; sourceTree = "<group>"; };
		84F627042791B043000337A5 /* Layouts.swift */ = {isa = PBXFileReference; lastKnownFileType = sourcecode.swift; path = Layouts.swift; sourceTree = "<group>"; };
		84F627072791B5A1000337A5 /* UIStackView+Extension.swift */ = {isa = PBXFileReference; lastKnownFileType = sourcecode.swift; path = "UIStackView+Extension.swift"; sourceTree = "<group>"; };
		84F6270A2791B65D000337A5 /* UIView+Extension.swift */ = {isa = PBXFileReference; lastKnownFileType = sourcecode.swift; path = "UIView+Extension.swift"; sourceTree = "<group>"; };
		84F6270D2791C520000337A5 /* LabelFactory.swift */ = {isa = PBXFileReference; lastKnownFileType = sourcecode.swift; path = LabelFactory.swift; sourceTree = "<group>"; };
		84F6270F2791C890000337A5 /* ButtonFactory.swift */ = {isa = PBXFileReference; lastKnownFileType = sourcecode.swift; path = ButtonFactory.swift; sourceTree = "<group>"; };
/* End PBXFileReference section */

/* Begin PBXFrameworksBuildPhase section */
		84F626E72791ADCC000337A5 /* Frameworks */ = {
			isa = PBXFrameworksBuildPhase;
			buildActionMask = 2147483647;
			files = (
			);
			runOnlyForDeploymentPostprocessing = 0;
		};
/* End PBXFrameworksBuildPhase section */

/* Begin PBXGroup section */
		840F529D27957ECB00FA607D /* AppLifeCycle */ = {
			isa = PBXGroup;
			children = (
				84F626ED2791ADCC000337A5 /* AppDelegate.swift */,
				84F626EF2791ADCC000337A5 /* SceneDelegate.swift */,
			);
			path = AppLifeCycle;
			sourceTree = "<group>";
		};
		840F529E27957EE000FA607D /* Controllers */ = {
			isa = PBXGroup;
			children = (
				8451F68F27ECA6E200F6D2F7 /* OTPFields */,
				84F626F12791ADCC000337A5 /* ViewController.swift */,
				84AD9AD227D8ECF500635774 /* CollectionVC.swift */,
			);
			path = Controllers;
			sourceTree = "<group>";
		};
		840F529F27957F0200FA607D /* Resources */ = {
			isa = PBXGroup;
			children = (
				84F626F62791ADCC000337A5 /* Assets.xcassets */,
				84F626F82791ADCC000337A5 /* LaunchScreen.storyboard */,
				84F626FB2791ADCC000337A5 /* Info.plist */,
				8422504A2799463A00F528E1 /* StringConstants.swift */,
				842250522799490D00F528E1 /* Localizable.strings */,
			);
			path = Resources;
			sourceTree = "<group>";
		};
		841A05F0279AE0F100028651 /* WebService */ = {
			isa = PBXGroup;
			children = (
			);
			path = WebService;
			sourceTree = "<group>";
		};
		842250592799590F00F528E1 /* Utilities */ = {
			isa = PBXGroup;
			children = (
				84225048279935E700F528E1 /* AppStyle.swift */,
				842250532799540800F528E1 /* BaseVC.swift */,
				842250572799590A00F528E1 /* ImageAssets.swift */,
			);
			path = Utilities;
			sourceTree = "<group>";
		};
		8451F68F27ECA6E200F6D2F7 /* OTPFields */ = {
			isa = PBXGroup;
			children = (
				8451F69027ECA6F800F6D2F7 /* OTPFieldsView.swift */,
				8451F69227ECA79200F6D2F7 /* OTPTextfield.swift */,
				8451F69427ECA84E00F6D2F7 /* OTPStyle.swift */,
			);
			path = OTPFields;
			sourceTree = "<group>";
		};
		84F626E12791ADCB000337A5 = {
			isa = PBXGroup;
			children = (
				84F626EC2791ADCC000337A5 /* ProgramaticView */,
				84F626EB2791ADCC000337A5 /* Products */,
			);
			sourceTree = "<group>";
		};
		84F626EB2791ADCC000337A5 /* Products */ = {
			isa = PBXGroup;
			children = (
				84F626EA2791ADCC000337A5 /* ProgramaticView.app */,
			);
			name = Products;
			sourceTree = "<group>";
		};
		84F626EC2791ADCC000337A5 /* ProgramaticView */ = {
			isa = PBXGroup;
			children = (
				841A05F0279AE0F100028651 /* WebService */,
				842250592799590F00F528E1 /* Utilities */,
				840F529D27957ECB00FA607D /* AppLifeCycle */,
				840F529E27957EE000FA607D /* Controllers */,
				84F627092791B64B000337A5 /* Extensions */,
				84F627012791B007000337A5 /* Layout */,
				840F529F27957F0200FA607D /* Resources */,
				84F6270C2791C506000337A5 /* UIFactory */,
			);
			path = ProgramaticView;
			sourceTree = "<group>";
		};
		84F627012791B007000337A5 /* Layout */ = {
			isa = PBXGroup;
			children = (
				84F627022791B024000337A5 /* LayoutAttributes.swift */,
				84F627042791B043000337A5 /* Layouts.swift */,
			);
			path = Layout;
			sourceTree = "<group>";
		};
		84F627062791B58A000337A5 /* Stacks */ = {
			isa = PBXGroup;
			children = (
				84F627072791B5A1000337A5 /* UIStackView+Extension.swift */,
			);
			path = Stacks;
			sourceTree = "<group>";
		};
		84F627092791B64B000337A5 /* Extensions */ = {
			isa = PBXGroup;
			children = (
				8422504C279946ED00F528E1 /* String+Extensions.swift */,
				84F627062791B58A000337A5 /* Stacks */,
				84F6270A2791B65D000337A5 /* UIView+Extension.swift */,
				842250552799587700F528E1 /* UIImage+Extension.swift */,
			);
			path = Extensions;
			sourceTree = "<group>";
		};
		84F6270C2791C506000337A5 /* UIFactory */ = {
			isa = PBXGroup;
			children = (
				84F6270D2791C520000337A5 /* LabelFactory.swift */,
				84F6270F2791C890000337A5 /* ButtonFactory.swift */,
				8422504627992C5900F528E1 /* ColorFactory.swift */,
				84AD9AD427D8FB4600635774 /* ImageViewFactory.swift */,
			);
			path = UIFactory;
			sourceTree = "<group>";
		};
/* End PBXGroup section */

/* Begin PBXNativeTarget section */
		84F626E92791ADCC000337A5 /* ProgramaticView */ = {
			isa = PBXNativeTarget;
			buildConfigurationList = 84F626FE2791ADCC000337A5 /* Build configuration list for PBXNativeTarget "ProgramaticView" */;
			buildPhases = (
				84F626E62791ADCC000337A5 /* Sources */,
				84F626E72791ADCC000337A5 /* Frameworks */,
				84F626E82791ADCC000337A5 /* Resources */,
			);
			buildRules = (
			);
			dependencies = (
			);
			name = ProgramaticView;
			productName = ProgramaticView;
			productReference = 84F626EA2791ADCC000337A5 /* ProgramaticView.app */;
			productType = "com.apple.product-type.application";
		};
/* End PBXNativeTarget section */

/* Begin PBXProject section */
		84F626E22791ADCB000337A5 /* Project object */ = {
			isa = PBXProject;
			attributes = {
				BuildIndependentTargetsInParallel = 1;
				LastSwiftUpdateCheck = 1310;
				LastUpgradeCheck = 1310;
				TargetAttributes = {
					84F626E92791ADCC000337A5 = {
						CreatedOnToolsVersion = 13.1;
					};
				};
			};
			buildConfigurationList = 84F626E52791ADCB000337A5 /* Build configuration list for PBXProject "ProgramaticView" */;
			compatibilityVersion = "Xcode 13.0";
			developmentRegion = en;
			hasScannedForEncodings = 0;
			knownRegions = (
				en,
				Base,
			);
			mainGroup = 84F626E12791ADCB000337A5;
			productRefGroup = 84F626EB2791ADCC000337A5 /* Products */;
			projectDirPath = "";
			projectRoot = "";
			targets = (
				84F626E92791ADCC000337A5 /* ProgramaticView */,
			);
		};
/* End PBXProject section */

/* Begin PBXResourcesBuildPhase section */
		84F626E82791ADCC000337A5 /* Resources */ = {
			isa = PBXResourcesBuildPhase;
			buildActionMask = 2147483647;
			files = (
				84F626FA2791ADCC000337A5 /* LaunchScreen.storyboard in Resources */,
				842250502799490D00F528E1 /* Localizable.strings in Resources */,
				84F626F72791ADCC000337A5 /* Assets.xcassets in Resources */,
			);
			runOnlyForDeploymentPostprocessing = 0;
		};
/* End PBXResourcesBuildPhase section */

/* Begin PBXSourcesBuildPhase section */
		84F626E62791ADCC000337A5 /* Sources */ = {
			isa = PBXSourcesBuildPhase;
			buildActionMask = 2147483647;
			files = (
				8422504727992C5900F528E1 /* ColorFactory.swift in Sources */,
				8422504D279946ED00F528E1 /* String+Extensions.swift in Sources */,
				842250582799590A00F528E1 /* ImageAssets.swift in Sources */,
				84F627102791C890000337A5 /* ButtonFactory.swift in Sources */,
				84F626F22791ADCC000337A5 /* ViewController.swift in Sources */,
				84F6270B2791B65D000337A5 /* UIView+Extension.swift in Sources */,
				842250542799540800F528E1 /* BaseVC.swift in Sources */,
				84AD9AD527D8FB4600635774 /* ImageViewFactory.swift in Sources */,
				84F626EE2791ADCC000337A5 /* AppDelegate.swift in Sources */,
				84F627052791B043000337A5 /* Layouts.swift in Sources */,
				84AD9AD327D8ECF500635774 /* CollectionVC.swift in Sources */,
				84225049279935E700F528E1 /* AppStyle.swift in Sources */,
				84F627032791B024000337A5 /* LayoutAttributes.swift in Sources */,
				8451F69327ECA79200F6D2F7 /* OTPTextfield.swift in Sources */,
				8422504B2799463A00F528E1 /* StringConstants.swift in Sources */,
				8451F69127ECA6F800F6D2F7 /* OTPFieldsView.swift in Sources */,
				84F6270E2791C520000337A5 /* LabelFactory.swift in Sources */,
				8451F69527ECA84E00F6D2F7 /* OTPStyle.swift in Sources */,
				842250562799587700F528E1 /* UIImage+Extension.swift in Sources */,
				84F626F02791ADCC000337A5 /* SceneDelegate.swift in Sources */,
				84F627082791B5A1000337A5 /* UIStackView+Extension.swift in Sources */,
			);
			runOnlyForDeploymentPostprocessing = 0;
		};
/* End PBXSourcesBuildPhase section */

/* Begin PBXVariantGroup section */
		842250522799490D00F528E1 /* Localizable.strings */ = {
			isa = PBXVariantGroup;
			children = (
				842250512799490D00F528E1 /* en */,
			);
			name = Localizable.strings;
			sourceTree = "<group>";
		};
		84F626F82791ADCC000337A5 /* LaunchScreen.storyboard */ = {
			isa = PBXVariantGroup;
			children = (
				84F626F92791ADCC000337A5 /* Base */,
			);
			name = LaunchScreen.storyboard;
			sourceTree = "<group>";
		};
/* End PBXVariantGroup section */

/* Begin XCBuildConfiguration section */
		84F626FC2791ADCC000337A5 /* Debug */ = {
			isa = XCBuildConfiguration;
			buildSettings = {
				ALWAYS_SEARCH_USER_PATHS = NO;
				CLANG_ANALYZER_NONNULL = YES;
				CLANG_ANALYZER_NUMBER_OBJECT_CONVERSION = YES_AGGRESSIVE;
				CLANG_CXX_LANGUAGE_STANDARD = "gnu++17";
				CLANG_CXX_LIBRARY = "libc++";
				CLANG_ENABLE_MODULES = YES;
				CLANG_ENABLE_OBJC_ARC = YES;
				CLANG_ENABLE_OBJC_WEAK = YES;
				CLANG_WARN_BLOCK_CAPTURE_AUTORELEASING = YES;
				CLANG_WARN_BOOL_CONVERSION = YES;
				CLANG_WARN_COMMA = YES;
				CLANG_WARN_CONSTANT_CONVERSION = YES;
				CLANG_WARN_DEPRECATED_OBJC_IMPLEMENTATIONS = YES;
				CLANG_WARN_DIRECT_OBJC_ISA_USAGE = YES_ERROR;
				CLANG_WARN_DOCUMENTATION_COMMENTS = YES;
				CLANG_WARN_EMPTY_BODY = YES;
				CLANG_WARN_ENUM_CONVERSION = YES;
				CLANG_WARN_INFINITE_RECURSION = YES;
				CLANG_WARN_INT_CONVERSION = YES;
				CLANG_WARN_NON_LITERAL_NULL_CONVERSION = YES;
				CLANG_WARN_OBJC_IMPLICIT_RETAIN_SELF = YES;
				CLANG_WARN_OBJC_LITERAL_CONVERSION = YES;
				CLANG_WARN_OBJC_ROOT_CLASS = YES_ERROR;
				CLANG_WARN_QUOTED_INCLUDE_IN_FRAMEWORK_HEADER = YES;
				CLANG_WARN_RANGE_LOOP_ANALYSIS = YES;
				CLANG_WARN_STRICT_PROTOTYPES = YES;
				CLANG_WARN_SUSPICIOUS_MOVE = YES;
				CLANG_WARN_UNGUARDED_AVAILABILITY = YES_AGGRESSIVE;
				CLANG_WARN_UNREACHABLE_CODE = YES;
				CLANG_WARN__DUPLICATE_METHOD_MATCH = YES;
				COPY_PHASE_STRIP = NO;
				DEBUG_INFORMATION_FORMAT = dwarf;
				ENABLE_STRICT_OBJC_MSGSEND = YES;
				ENABLE_TESTABILITY = YES;
				GCC_C_LANGUAGE_STANDARD = gnu11;
				GCC_DYNAMIC_NO_PIC = NO;
				GCC_NO_COMMON_BLOCKS = YES;
				GCC_OPTIMIZATION_LEVEL = 0;
				GCC_PREPROCESSOR_DEFINITIONS = (
					"DEBUG=1",
					"$(inherited)",
				);
				GCC_WARN_64_TO_32_BIT_CONVERSION = YES;
				GCC_WARN_ABOUT_RETURN_TYPE = YES_ERROR;
				GCC_WARN_UNDECLARED_SELECTOR = YES;
				GCC_WARN_UNINITIALIZED_AUTOS = YES_AGGRESSIVE;
				GCC_WARN_UNUSED_FUNCTION = YES;
				GCC_WARN_UNUSED_VARIABLE = YES;
				IPHONEOS_DEPLOYMENT_TARGET = 15.0;
				MTL_ENABLE_DEBUG_INFO = INCLUDE_SOURCE;
				MTL_FAST_MATH = YES;
				ONLY_ACTIVE_ARCH = YES;
				SDKROOT = iphoneos;
				SWIFT_ACTIVE_COMPILATION_CONDITIONS = DEBUG;
				SWIFT_OPTIMIZATION_LEVEL = "-Onone";
			};
			name = Debug;
		};
		84F626FD2791ADCC000337A5 /* Release */ = {
			isa = XCBuildConfiguration;
			buildSettings = {
				ALWAYS_SEARCH_USER_PATHS = NO;
				CLANG_ANALYZER_NONNULL = YES;
				CLANG_ANALYZER_NUMBER_OBJECT_CONVERSION = YES_AGGRESSIVE;
				CLANG_CXX_LANGUAGE_STANDARD = "gnu++17";
				CLANG_CXX_LIBRARY = "libc++";
				CLANG_ENABLE_MODULES = YES;
				CLANG_ENABLE_OBJC_ARC = YES;
				CLANG_ENABLE_OBJC_WEAK = YES;
				CLANG_WARN_BLOCK_CAPTURE_AUTORELEASING = YES;
				CLANG_WARN_BOOL_CONVERSION = YES;
				CLANG_WARN_COMMA = YES;
				CLANG_WARN_CONSTANT_CONVERSION = YES;
				CLANG_WARN_DEPRECATED_OBJC_IMPLEMENTATIONS = YES;
				CLANG_WARN_DIRECT_OBJC_ISA_USAGE = YES_ERROR;
				CLANG_WARN_DOCUMENTATION_COMMENTS = YES;
				CLANG_WARN_EMPTY_BODY = YES;
				CLANG_WARN_ENUM_CONVERSION = YES;
				CLANG_WARN_INFINITE_RECURSION = YES;
				CLANG_WARN_INT_CONVERSION = YES;
				CLANG_WARN_NON_LITERAL_NULL_CONVERSION = YES;
				CLANG_WARN_OBJC_IMPLICIT_RETAIN_SELF = YES;
				CLANG_WARN_OBJC_LITERAL_CONVERSION = YES;
				CLANG_WARN_OBJC_ROOT_CLASS = YES_ERROR;
				CLANG_WARN_QUOTED_INCLUDE_IN_FRAMEWORK_HEADER = YES;
				CLANG_WARN_RANGE_LOOP_ANALYSIS = YES;
				CLANG_WARN_STRICT_PROTOTYPES = YES;
				CLANG_WARN_SUSPICIOUS_MOVE = YES;
				CLANG_WARN_UNGUARDED_AVAILABILITY = YES_AGGRESSIVE;
				CLANG_WARN_UNREACHABLE_CODE = YES;
				CLANG_WARN__DUPLICATE_METHOD_MATCH = YES;
				COPY_PHASE_STRIP = NO;
				DEBUG_INFORMATION_FORMAT = "dwarf-with-dsym";
				ENABLE_NS_ASSERTIONS = NO;
				ENABLE_STRICT_OBJC_MSGSEND = YES;
				GCC_C_LANGUAGE_STANDARD = gnu11;
				GCC_NO_COMMON_BLOCKS = YES;
				GCC_WARN_64_TO_32_BIT_CONVERSION = YES;
				GCC_WARN_ABOUT_RETURN_TYPE = YES_ERROR;
				GCC_WARN_UNDECLARED_SELECTOR = YES;
				GCC_WARN_UNINITIALIZED_AUTOS = YES_AGGRESSIVE;
				GCC_WARN_UNUSED_FUNCTION = YES;
				GCC_WARN_UNUSED_VARIABLE = YES;
				IPHONEOS_DEPLOYMENT_TARGET = 15.0;
				MTL_ENABLE_DEBUG_INFO = NO;
				MTL_FAST_MATH = YES;
				SDKROOT = iphoneos;
				SWIFT_COMPILATION_MODE = wholemodule;
				SWIFT_OPTIMIZATION_LEVEL = "-O";
				VALIDATE_PRODUCT = YES;
			};
			name = Release;
		};
		84F626FF2791ADCC000337A5 /* Debug */ = {
			isa = XCBuildConfiguration;
			buildSettings = {
				ASSETCATALOG_COMPILER_APPICON_NAME = AppIcon;
				ASSETCATALOG_COMPILER_GLOBAL_ACCENT_COLOR_NAME = AccentColor;
				CODE_SIGN_STYLE = Automatic;
				CURRENT_PROJECT_VERSION = 1;
				GENERATE_INFOPLIST_FILE = YES;
				INFOPLIST_FILE = ProgramaticView/Resources/Info.plist;
				INFOPLIST_KEY_UIApplicationSupportsIndirectInputEvents = YES;
				INFOPLIST_KEY_UILaunchStoryboardName = LaunchScreen;
				INFOPLIST_KEY_UISupportedInterfaceOrientations_iPad = "UIInterfaceOrientationPortrait UIInterfaceOrientationPortraitUpsideDown UIInterfaceOrientationLandscapeLeft UIInterfaceOrientationLandscapeRight";
				INFOPLIST_KEY_UISupportedInterfaceOrientations_iPhone = "UIInterfaceOrientationPortrait UIInterfaceOrientationLandscapeLeft UIInterfaceOrientationLandscapeRight";
				LD_RUNPATH_SEARCH_PATHS = (
					"$(inherited)",
					"@executable_path/Frameworks",
				);
				MARKETING_VERSION = 1.0;
				PRODUCT_BUNDLE_IDENTIFIER = n.ProgramaticView;
				PRODUCT_NAME = "$(TARGET_NAME)";
				SWIFT_EMIT_LOC_STRINGS = YES;
				SWIFT_VERSION = 5.0;
				TARGETED_DEVICE_FAMILY = "1,2";
			};
			name = Debug;
		};
		84F627002791ADCC000337A5 /* Release */ = {
			isa = XCBuildConfiguration;
			buildSettings = {
				ASSETCATALOG_COMPILER_APPICON_NAME = AppIcon;
				ASSETCATALOG_COMPILER_GLOBAL_ACCENT_COLOR_NAME = AccentColor;
				CODE_SIGN_STYLE = Automatic;
				CURRENT_PROJECT_VERSION = 1;
				GENERATE_INFOPLIST_FILE = YES;
				INFOPLIST_FILE = ProgramaticView/Resources/Info.plist;
				INFOPLIST_KEY_UIApplicationSupportsIndirectInputEvents = YES;
				INFOPLIST_KEY_UILaunchStoryboardName = LaunchScreen;
				INFOPLIST_KEY_UISupportedInterfaceOrientations_iPad = "UIInterfaceOrientationPortrait UIInterfaceOrientationPortraitUpsideDown UIInterfaceOrientationLandscapeLeft UIInterfaceOrientationLandscapeRight";
				INFOPLIST_KEY_UISupportedInterfaceOrientations_iPhone = "UIInterfaceOrientationPortrait UIInterfaceOrientationLandscapeLeft UIInterfaceOrientationLandscapeRight";
				LD_RUNPATH_SEARCH_PATHS = (
					"$(inherited)",
					"@executable_path/Frameworks",
				);
				MARKETING_VERSION = 1.0;
				PRODUCT_BUNDLE_IDENTIFIER = n.ProgramaticView;
				PRODUCT_NAME = "$(TARGET_NAME)";
				SWIFT_EMIT_LOC_STRINGS = YES;
				SWIFT_VERSION = 5.0;
				TARGETED_DEVICE_FAMILY = "1,2";
			};
			name = Release;
		};
/* End XCBuildConfiguration section */

/* Begin XCConfigurationList section */
		84F626E52791ADCB000337A5 /* Build configuration list for PBXProject "ProgramaticView" */ = {
			isa = XCConfigurationList;
			buildConfigurations = (
				84F626FC2791ADCC000337A5 /* Debug */,
				84F626FD2791ADCC000337A5 /* Release */,
			);
			defaultConfigurationIsVisible = 0;
			defaultConfigurationName = Release;
		};
		84F626FE2791ADCC000337A5 /* Build configuration list for PBXNativeTarget "ProgramaticView" */ = {
			isa = XCConfigurationList;
			buildConfigurations = (
				84F626FF2791ADCC000337A5 /* Debug */,
				84F627002791ADCC000337A5 /* Release */,
			);
			defaultConfigurationIsVisible = 0;
			defaultConfigurationName = Release;
		};
/* End XCConfigurationList section */
	};
	rootObject = 84F626E22791ADCB000337A5 /* Project object */;
}
